
Microsoft Visual Studio Solution File, Format Version 12.00
# Visual Studio Version 17
VisualStudioVersion = 17.4.33110.190
MinimumVisualStudioVersion = 10.0.40219.1
Project("{9A19103F-16F7-4668-BE54-9A1E7A4F7556}") = "Day_01_CalorieCounting", "Day_01_Calorie Counting\Day_01_CalorieCounting.csproj", "{04B63A1E-6ED6-44C8-AFF7-75E5EDAAF53E}"
EndProject
Project("{FAE04EC0-301F-11D3-BF4B-00C04F79EFBC}") = "Day_02_RockPaperScissors", "Day_02_RockPaperScissors\Day_02_RockPaperScissors.csproj", "{97A91958-FC6C-405C-AC1B-3E064A2E0A0F}"
EndProject
Global
	GlobalSection(SolutionConfigurationPlatforms) = preSolution
		Debug|Any CPU = Debug|Any CPU
		Release|Any CPU = Release|Any CPU
	EndGlobalSection
	GlobalSection(ProjectConfigurationPlatforms) = postSolution
		{04B63A1E-6ED6-44C8-AFF7-75E5EDAAF53E}.Debug|Any CPU.ActiveCfg = Debug|Any CPU
		{04B63A1E-6ED6-44C8-AFF7-75E5EDAAF53E}.Debug|Any CPU.Build.0 = Debug|Any CPU
		{04B63A1E-6ED6-44C8-AFF7-75E5EDAAF53E}.Release|Any CPU.ActiveCfg = Release|Any CPU
		{04B63A1E-6ED6-44C8-AFF7-75E5EDAAF53E}.Release|Any CPU.Build.0 = Release|Any CPU
		{97A91958-FC6C-405C-AC1B-3E064A2E0A0F}.Debug|Any CPU.ActiveCfg = Debug|Any CPU
		{97A91958-FC6C-405C-AC1B-3E064A2E0A0F}.Debug|Any CPU.Build.0 = Debug|Any CPU
		{97A91958-FC6C-405C-AC1B-3E064A2E0A0F}.Release|Any CPU.ActiveCfg = Release|Any CPU
		{97A91958-FC6C-405C-AC1B-3E064A2E0A0F}.Release|Any CPU.Build.0 = Release|Any CPU
	EndGlobalSection
	GlobalSection(SolutionProperties) = preSolution
		HideSolutionNode = FALSE
	EndGlobalSection
	GlobalSection(ExtensibilityGlobals) = postSolution
		SolutionGuid = {5DCCEAFA-99BD-409A-A957-13D83DAB0638}
	EndGlobalSection
EndGlobal
